PODS:
  - GGZIntegrationDylibPodProject (1.0.0):
    - GGZIntegrationDylibPodProject/Core (= 1.0.0)
    - GGZIntegrationDylibPodProject/Libs (= 1.0.0)
    - GGZIntegrationDylibPodProject/RobotPenSDKHeader (= 1.0.0)
  - GGZIntegrationDylibPodProject/Core (1.0.0)
  - GGZIntegrationDylibPodProject/Libs (1.0.0)
  - GGZIntegrationDylibPodProject/RobotPenSDKHeader (1.0.0)

DEPENDENCIES:
  - GGZIntegrationDylibPodProject (from `../`)

EXTERNAL SOURCES:
  GGZIntegrationDylibPodProject:
    :path: "../"

SPEC CHECKSUMS:
  GGZIntegrationDylibPodProject: 07099712a4545e121c9d25401144eee1d761b34a

PODFILE CHECKSUM: 64fc3473d5b79c14c7da201cd14970bcff710880

COCOAPODS: 1.8.4
