PODS:
  - GGZIntegrationDylibPodProject (1.0.2):
    - GGZIntegrationDylibPodProject/Libs (= 1.0.2)
    - GGZIntegrationDylibPodProject/RobotPenSDKHeader (= 1.0.2)
  - GGZIntegrationDylibPodProject/Libs (1.0.2)
  - GGZIntegrationDylibPodProject/RobotPenSDKHeader (1.0.2)

DEPENDENCIES:
  - GGZIntegrationDylibPodProject (from `../`)

EXTERNAL SOURCES:
  GGZIntegrationDylibPodProject:
    :path: "../"

SPEC CHECKSUMS:
  GGZIntegrationDylibPodProject: 742431a083c05a2262dca72ccbd5f14a8a2d7c86

PODFILE CHECKSUM: 64fc3473d5b79c14c7da201cd14970bcff710880

COCOAPODS: 1.8.4
