PODS:
  - GGZIntegrationDylibPodProject (3.0.0)

DEPENDENCIES:
  - GGZIntegrationDylibPodProject (from `../`)

EXTERNAL SOURCES:
  GGZIntegrationDylibPodProject:
    :path: "../"

SPEC CHECKSUMS:
  GGZIntegrationDylibPodProject: 0c4fadc49243e7689e20d370c4534b10b7081de5

PODFILE CHECKSUM: 64fc3473d5b79c14c7da201cd14970bcff710880

COCOAPODS: 1.8.4
